// !$*UTF8*$!
{
	archiveVersion = 1;
	classes = {
	};
	objectVersion = 46;
	objects = {

/* Begin PBXBuildFile section */
		F1061A7F1CE22F76006B45C4 /* SprotViewTableViewCell.m in Sources */ = {isa = PBXBuildFile; fileRef = F1061A7D1CE22F76006B45C4 /* SprotViewTableViewCell.m */; };
		F1061A801CE22F76006B45C4 /* SprotViewTableViewCell.xib in Resources */ = {isa = PBXBuildFile; fileRef = F1061A7E1CE22F76006B45C4 /* SprotViewTableViewCell.xib */; };
		F1061A851CE24038006B45C4 /* card.png in Resources */ = {isa = PBXBuildFile; fileRef = F1061A811CE24038006B45C4 /* card.png */; };
		F1061A861CE24038006B45C4 /* gym.png in Resources */ = {isa = PBXBuildFile; fileRef = F1061A821CE24038006B45C4 /* gym.png */; };
		F1061A871CE24038006B45C4 /* speech.png in Resources */ = {isa = PBXBuildFile; fileRef = F1061A831CE24038006B45C4 /* speech.png */; };
		F1061A881CE24038006B45C4 /* yoga.png in Resources */ = {isa = PBXBuildFile; fileRef = F1061A841CE24038006B45C4 /* yoga.png */; };
		F1230E7F1CE2FC1800852885 /* runmachine.png in Resources */ = {isa = PBXBuildFile; fileRef = F1230E7E1CE2FC1800852885 /* runmachine.png */; };
		F1230E821CE2FDBF00852885 /* UIViewExt.m in Sources */ = {isa = PBXBuildFile; fileRef = F1230E811CE2FDBF00852885 /* UIViewExt.m */; };
		F1230E861CE2FE5800852885 /* compass.png in Resources */ = {isa = PBXBuildFile; fileRef = F1230E831CE2FE5800852885 /* compass.png */; };
		F1230E871CE2FE5800852885 /* feed.png in Resources */ = {isa = PBXBuildFile; fileRef = F1230E841CE2FE5800852885 /* feed.png */; };
		F1230E881CE2FE5800852885 /* user.png in Resources */ = {isa = PBXBuildFile; fileRef = F1230E851CE2FE5800852885 /* user.png */; };
		F1230E8D1CE322F100852885 /* SportRoomDesViewController.m in Sources */ = {isa = PBXBuildFile; fileRef = F1230E8B1CE322F100852885 /* SportRoomDesViewController.m */; };
		F1230E8E1CE322F100852885 /* SportRoomDesViewController.xib in Resources */ = {isa = PBXBuildFile; fileRef = F1230E8C1CE322F100852885 /* SportRoomDesViewController.xib */; };
		F1230E901CE3242900852885 /* all_back.png in Resources */ = {isa = PBXBuildFile; fileRef = F1230E8F1CE3242900852885 /* all_back.png */; };
		F1230E941CE47BFB00852885 /* SprotRoomTableViewCell.m in Sources */ = {isa = PBXBuildFile; fileRef = F1230E921CE47BFB00852885 /* SprotRoomTableViewCell.m */; };
		F1230E951CE47BFB00852885 /* SprotRoomTableViewCell.xib in Resources */ = {isa = PBXBuildFile; fileRef = F1230E931CE47BFB00852885 /* SprotRoomTableViewCell.xib */; };
		F1359E181CE2422B0028CD80 /* MBProgressHUD.m in Sources */ = {isa = PBXBuildFile; fileRef = F1359E171CE2422B0028CD80 /* MBProgressHUD.m */; };
		F157E5BD1CCDB8DC0087B4CD /* main.m in Sources */ = {isa = PBXBuildFile; fileRef = F157E5BC1CCDB8DC0087B4CD /* main.m */; };
		F157E5C01CCDB8DC0087B4CD /* AppDelegate.m in Sources */ = {isa = PBXBuildFile; fileRef = F157E5BF1CCDB8DC0087B4CD /* AppDelegate.m */; };
		F157E5C31CCDB8DC0087B4CD /* ViewController.m in Sources */ = {isa = PBXBuildFile; fileRef = F157E5C21CCDB8DC0087B4CD /* ViewController.m */; };
		F157E5C61CCDB8DC0087B4CD /* Main.storyboard in Resources */ = {isa = PBXBuildFile; fileRef = F157E5C41CCDB8DC0087B4CD /* Main.storyboard */; };
		F157E5C81CCDB8DC0087B4CD /* Assets.xcassets in Resources */ = {isa = PBXBuildFile; fileRef = F157E5C71CCDB8DC0087B4CD /* Assets.xcassets */; };
		F157E5CB1CCDB8DC0087B4CD /* LaunchScreen.storyboard in Resources */ = {isa = PBXBuildFile; fileRef = F157E5C91CCDB8DC0087B4CD /* LaunchScreen.storyboard */; };
		F157E5D61CCDB8DC0087B4CD /* sportXProjectTests.m in Sources */ = {isa = PBXBuildFile; fileRef = F157E5D51CCDB8DC0087B4CD /* sportXProjectTests.m */; };
		F157E5E11CCDB8DC0087B4CD /* sportXProjectUITests.m in Sources */ = {isa = PBXBuildFile; fileRef = F157E5E01CCDB8DC0087B4CD /* sportXProjectUITests.m */; };
		F157E5F51CCDBA6C0087B4CD /* SportXViewController.m in Sources */ = {isa = PBXBuildFile; fileRef = F157E5F31CCDBA6C0087B4CD /* SportXViewController.m */; };
		F157E5F61CCDBA6C0087B4CD /* SportXViewController.xib in Resources */ = {isa = PBXBuildFile; fileRef = F157E5F41CCDBA6C0087B4CD /* SportXViewController.xib */; };
		F157E5FA1CCDBA7C0087B4CD /* OutSignViewController.m in Sources */ = {isa = PBXBuildFile; fileRef = F157E5F81CCDBA7C0087B4CD /* OutSignViewController.m */; };
		F157E5FB1CCDBA7C0087B4CD /* OutSignViewController.xib in Resources */ = {isa = PBXBuildFile; fileRef = F157E5F91CCDBA7C0087B4CD /* OutSignViewController.xib */; };
		F157E5FF1CCDBA880087B4CD /* MessageViewController.m in Sources */ = {isa = PBXBuildFile; fileRef = F157E5FD1CCDBA880087B4CD /* MessageViewController.m */; };
		F157E6001CCDBA880087B4CD /* MessageViewController.xib in Resources */ = {isa = PBXBuildFile; fileRef = F157E5FE1CCDBA880087B4CD /* MessageViewController.xib */; };
		F157E6041CCDBA940087B4CD /* MineViewController.m in Sources */ = {isa = PBXBuildFile; fileRef = F157E6021CCDBA940087B4CD /* MineViewController.m */; };
		F157E6051CCDBA940087B4CD /* MineViewController.xib in Resources */ = {isa = PBXBuildFile; fileRef = F157E6031CCDBA940087B4CD /* MineViewController.xib */; };
		F157E6071CCDC43A0087B4CD /* sportgo.jpg in Resources */ = {isa = PBXBuildFile; fileRef = F157E6061CCDC43A0087B4CD /* sportgo.jpg */; };
		F157E6091CCDC9DE0087B4CD /* nav_bg.png in Resources */ = {isa = PBXBuildFile; fileRef = F157E6081CCDC9DE0087B4CD /* nav_bg.png */; };
		F1F0F0E31CE1C0970064C1F3 /* tab_background.png in Resources */ = {isa = PBXBuildFile; fileRef = F1F0F0E21CE1C0970064C1F3 /* tab_background.png */; };
		F1F0F0E61CE1CB9A0064C1F3 /* InfoEditCollectionViewCell.m in Sources */ = {isa = PBXBuildFile; fileRef = F1F0F0E51CE1CB9A0064C1F3 /* InfoEditCollectionViewCell.m */; };
		F1F0F0E91CE1CE7E0064C1F3 /* InviteImageViewCell.m in Sources */ = {isa = PBXBuildFile; fileRef = F1F0F0E81CE1CE7E0064C1F3 /* InviteImageViewCell.m */; };
		F1F0F0EC1CE1D04E0064C1F3 /* icon_success.png in Resources */ = {isa = PBXBuildFile; fileRef = F1F0F0EA1CE1D04E0064C1F3 /* icon_success.png */; };
		F1F0F0ED1CE1D04E0064C1F3 /* icon_sure.png in Resources */ = {isa = PBXBuildFile; fileRef = F1F0F0EB1CE1D04E0064C1F3 /* icon_sure.png */; };
		F1F0F0EF1CE1D06C0064C1F3 /* 0006.png in Resources */ = {isa = PBXBuildFile; fileRef = F1F0F0EE1CE1D06C0064C1F3 /* 0006.png */; };
/* End PBXBuildFile section */

/* Begin PBXContainerItemProxy section */
		F157E5D21CCDB8DC0087B4CD /* PBXContainerItemProxy */ = {
			isa = PBXContainerItemProxy;
			containerPortal = F157E5B01CCDB8DC0087B4CD /* Project object */;
			proxyType = 1;
			remoteGlobalIDString = F157E5B71CCDB8DC0087B4CD;
			remoteInfo = sportXProject;
		};
		F157E5DD1CCDB8DC0087B4CD /* PBXContainerItemProxy */ = {
			isa = PBXContainerItemProxy;
			containerPortal = F157E5B01CCDB8DC0087B4CD /* Project object */;
			proxyType = 1;
			remoteGlobalIDString = F157E5B71CCDB8DC0087B4CD;
			remoteInfo = sportXProject;
		};
/* End PBXContainerItemProxy section */

/* Begin PBXFileReference section */
		F1061A7C1CE22F76006B45C4 /* SprotViewTableViewCell.h */ = {isa = PBXFileReference; fileEncoding = 4; lastKnownFileType = sourcecode.c.h; path = SprotViewTableViewCell.h; sourceTree = "<group>"; };
		F1061A7D1CE22F76006B45C4 /* SprotViewTableViewCell.m */ = {isa = PBXFileReference; fileEncoding = 4; lastKnownFileType = sourcecode.c.objc; path = SprotViewTableViewCell.m; sourceTree = "<group>"; };
		F1061A7E1CE22F76006B45C4 /* SprotViewTableViewCell.xib */ = {isa = PBXFileReference; fileEncoding = 4; lastKnownFileType = file.xib; path = SprotViewTableViewCell.xib; sourceTree = "<group>"; };
		F1061A811CE24038006B45C4 /* card.png */ = {isa = PBXFileReference; lastKnownFileType = image.png; path = card.png; sourceTree = "<group>"; };
		F1061A821CE24038006B45C4 /* gym.png */ = {isa = PBXFileReference; lastKnownFileType = image.png; path = gym.png; sourceTree = "<group>"; };
		F1061A831CE24038006B45C4 /* speech.png */ = {isa = PBXFileReference; lastKnownFileType = image.png; path = speech.png; sourceTree = "<group>"; };
		F1061A841CE24038006B45C4 /* yoga.png */ = {isa = PBXFileReference; lastKnownFileType = image.png; path = yoga.png; sourceTree = "<group>"; };
		F1230E7E1CE2FC1800852885 /* runmachine.png */ = {isa = PBXFileReference; lastKnownFileType = image.png; path = runmachine.png; sourceTree = "<group>"; };
		F1230E801CE2FDBF00852885 /* UIViewExt.h */ = {isa = PBXFileReference; fileEncoding = 4; lastKnownFileType = sourcecode.c.h; path = UIViewExt.h; sourceTree = "<group>"; };
		F1230E811CE2FDBF00852885 /* UIViewExt.m */ = {isa = PBXFileReference; fileEncoding = 4; lastKnownFileType = sourcecode.c.objc; path = UIViewExt.m; sourceTree = "<group>"; };
		F1230E831CE2FE5800852885 /* compass.png */ = {isa = PBXFileReference; lastKnownFileType = image.png; path = compass.png; sourceTree = "<group>"; };
		F1230E841CE2FE5800852885 /* feed.png */ = {isa = PBXFileReference; lastKnownFileType = image.png; path = feed.png; sourceTree = "<group>"; };
		F1230E851CE2FE5800852885 /* user.png */ = {isa = PBXFileReference; lastKnownFileType = image.png; path = user.png; sourceTree = "<group>"; };
		F1230E8A1CE322F100852885 /* SportRoomDesViewController.h */ = {isa = PBXFileReference; fileEncoding = 4; lastKnownFileType = sourcecode.c.h; path = SportRoomDesViewController.h; sourceTree = "<group>"; };
		F1230E8B1CE322F100852885 /* SportRoomDesViewController.m */ = {isa = PBXFileReference; fileEncoding = 4; lastKnownFileType = sourcecode.c.objc; path = SportRoomDesViewController.m; sourceTree = "<group>"; };
		F1230E8C1CE322F100852885 /* SportRoomDesViewController.xib */ = {isa = PBXFileReference; fileEncoding = 4; lastKnownFileType = file.xib; path = SportRoomDesViewController.xib; sourceTree = "<group>"; };
		F1230E8F1CE3242900852885 /* all_back.png */ = {isa = PBXFileReference; lastKnownFileType = image.png; path = all_back.png; sourceTree = "<group>"; };
		F1230E911CE47BFB00852885 /* SprotRoomTableViewCell.h */ = {isa = PBXFileReference; fileEncoding = 4; lastKnownFileType = sourcecode.c.h; path = SprotRoomTableViewCell.h; sourceTree = "<group>"; };
		F1230E921CE47BFB00852885 /* SprotRoomTableViewCell.m */ = {isa = PBXFileReference; fileEncoding = 4; lastKnownFileType = sourcecode.c.objc; path = SprotRoomTableViewCell.m; sourceTree = "<group>"; };
		F1230E931CE47BFB00852885 /* SprotRoomTableViewCell.xib */ = {isa = PBXFileReference; fileEncoding = 4; lastKnownFileType = file.xib; path = SprotRoomTableViewCell.xib; sourceTree = "<group>"; };
		F1359E161CE2422B0028CD80 /* MBProgressHUD.h */ = {isa = PBXFileReference; fileEncoding = 4; lastKnownFileType = sourcecode.c.h; path = MBProgressHUD.h; sourceTree = "<group>"; };
		F1359E171CE2422B0028CD80 /* MBProgressHUD.m */ = {isa = PBXFileReference; fileEncoding = 4; lastKnownFileType = sourcecode.c.objc; path = MBProgressHUD.m; sourceTree = "<group>"; };
		F157E5B81CCDB8DC0087B4CD /* sportXProject.app */ = {isa = PBXFileReference; explicitFileType = wrapper.application; includeInIndex = 0; path = sportXProject.app; sourceTree = BUILT_PRODUCTS_DIR; };
		F157E5BC1CCDB8DC0087B4CD /* main.m */ = {isa = PBXFileReference; lastKnownFileType = sourcecode.c.objc; path = main.m; sourceTree = "<group>"; };
		F157E5BE1CCDB8DC0087B4CD /* AppDelegate.h */ = {isa = PBXFileReference; lastKnownFileType = sourcecode.c.h; path = AppDelegate.h; sourceTree = "<group>"; };
		F157E5BF1CCDB8DC0087B4CD /* AppDelegate.m */ = {isa = PBXFileReference; lastKnownFileType = sourcecode.c.objc; path = AppDelegate.m; sourceTree = "<group>"; };
		F157E5C11CCDB8DC0087B4CD /* ViewController.h */ = {isa = PBXFileReference; lastKnownFileType = sourcecode.c.h; path = ViewController.h; sourceTree = "<group>"; };
		F157E5C21CCDB8DC0087B4CD /* ViewController.m */ = {isa = PBXFileReference; lastKnownFileType = sourcecode.c.objc; path = ViewController.m; sourceTree = "<group>"; };
		F157E5C51CCDB8DC0087B4CD /* Base */ = {isa = PBXFileReference; lastKnownFileType = file.storyboard; name = Base; path = Base.lproj/Main.storyboard; sourceTree = "<group>"; };
		F157E5C71CCDB8DC0087B4CD /* Assets.xcassets */ = {isa = PBXFileReference; lastKnownFileType = folder.assetcatalog; path = Assets.xcassets; sourceTree = "<group>"; };
		F157E5CA1CCDB8DC0087B4CD /* Base */ = {isa = PBXFileReference; lastKnownFileType = file.storyboard; name = Base; path = Base.lproj/LaunchScreen.storyboard; sourceTree = "<group>"; };
		F157E5CC1CCDB8DC0087B4CD /* Info.plist */ = {isa = PBXFileReference; lastKnownFileType = text.plist.xml; path = Info.plist; sourceTree = "<group>"; };
		F157E5D11CCDB8DC0087B4CD /* sportXProjectTests.xctest */ = {isa = PBXFileReference; explicitFileType = wrapper.cfbundle; includeInIndex = 0; path = sportXProjectTests.xctest; sourceTree = BUILT_PRODUCTS_DIR; };
		F157E5D51CCDB8DC0087B4CD /* sportXProjectTests.m */ = {isa = PBXFileReference; lastKnownFileType = sourcecode.c.objc; path = sportXProjectTests.m; sourceTree = "<group>"; };
		F157E5D71CCDB8DC0087B4CD /* Info.plist */ = {isa = PBXFileReference; lastKnownFileType = text.plist.xml; path = Info.plist; sourceTree = "<group>"; };
		F157E5DC1CCDB8DC0087B4CD /* sportXProjectUITests.xctest */ = {isa = PBXFileReference; explicitFileType = wrapper.cfbundle; includeInIndex = 0; path = sportXProjectUITests.xctest; sourceTree = BUILT_PRODUCTS_DIR; };
		F157E5E01CCDB8DC0087B4CD /* sportXProjectUITests.m */ = {isa = PBXFileReference; lastKnownFileType = sourcecode.c.objc; path = sportXProjectUITests.m; sourceTree = "<group>"; };
		F157E5E21CCDB8DC0087B4CD /* Info.plist */ = {isa = PBXFileReference; lastKnownFileType = text.plist.xml; path = Info.plist; sourceTree = "<group>"; };
		F157E5F21CCDBA6C0087B4CD /* SportXViewController.h */ = {isa = PBXFileReference; fileEncoding = 4; lastKnownFileType = sourcecode.c.h; path = SportXViewController.h; sourceTree = "<group>"; };
		F157E5F31CCDBA6C0087B4CD /* SportXViewController.m */ = {isa = PBXFileReference; fileEncoding = 4; lastKnownFileType = sourcecode.c.objc; path = SportXViewController.m; sourceTree = "<group>"; };
		F157E5F41CCDBA6C0087B4CD /* SportXViewController.xib */ = {isa = PBXFileReference; fileEncoding = 4; lastKnownFileType = file.xib; path = SportXViewController.xib; sourceTree = "<group>"; };
		F157E5F71CCDBA7C0087B4CD /* OutSignViewController.h */ = {isa = PBXFileReference; fileEncoding = 4; lastKnownFileType = sourcecode.c.h; path = OutSignViewController.h; sourceTree = "<group>"; };
		F157E5F81CCDBA7C0087B4CD /* OutSignViewController.m */ = {isa = PBXFileReference; fileEncoding = 4; lastKnownFileType = sourcecode.c.objc; path = OutSignViewController.m; sourceTree = "<group>"; };
		F157E5F91CCDBA7C0087B4CD /* OutSignViewController.xib */ = {isa = PBXFileReference; fileEncoding = 4; lastKnownFileType = file.xib; path = OutSignViewController.xib; sourceTree = "<group>"; };
		F157E5FC1CCDBA880087B4CD /* MessageViewController.h */ = {isa = PBXFileReference; fileEncoding = 4; lastKnownFileType = sourcecode.c.h; path = MessageViewController.h; sourceTree = "<group>"; };
		F157E5FD1CCDBA880087B4CD /* MessageViewController.m */ = {isa = PBXFileReference; fileEncoding = 4; lastKnownFileType = sourcecode.c.objc; path = MessageViewController.m; sourceTree = "<group>"; };
		F157E5FE1CCDBA880087B4CD /* MessageViewController.xib */ = {isa = PBXFileReference; fileEncoding = 4; lastKnownFileType = file.xib; path = MessageViewController.xib; sourceTree = "<group>"; };
		F157E6011CCDBA940087B4CD /* MineViewController.h */ = {isa = PBXFileReference; fileEncoding = 4; lastKnownFileType = sourcecode.c.h; path = MineViewController.h; sourceTree = "<group>"; };
		F157E6021CCDBA940087B4CD /* MineViewController.m */ = {isa = PBXFileReference; fileEncoding = 4; lastKnownFileType = sourcecode.c.objc; path = MineViewController.m; sourceTree = "<group>"; };
		F157E6031CCDBA940087B4CD /* MineViewController.xib */ = {isa = PBXFileReference; fileEncoding = 4; lastKnownFileType = file.xib; path = MineViewController.xib; sourceTree = "<group>"; };
		F157E6061CCDC43A0087B4CD /* sportgo.jpg */ = {isa = PBXFileReference; lastKnownFileType = image.jpeg; path = sportgo.jpg; sourceTree = "<group>"; };
		F157E6081CCDC9DE0087B4CD /* nav_bg.png */ = {isa = PBXFileReference; lastKnownFileType = image.png; path = nav_bg.png; sourceTree = "<group>"; };
		F16CB8281CD08B9800FCA808 /* SportX+.pch */ = {isa = PBXFileReference; fileEncoding = 4; lastKnownFileType = sourcecode.c.h; name = "SportX+.pch"; path = "../SportX+.pch"; sourceTree = "<group>"; };
		F1F0F0E21CE1C0970064C1F3 /* tab_background.png */ = {isa = PBXFileReference; lastKnownFileType = image.png; path = tab_background.png; sourceTree = "<group>"; };
		F1F0F0E41CE1CB9A0064C1F3 /* InfoEditCollectionViewCell.h */ = {isa = PBXFileReference; fileEncoding = 4; lastKnownFileType = sourcecode.c.h; path = InfoEditCollectionViewCell.h; sourceTree = "<group>"; };
		F1F0F0E51CE1CB9A0064C1F3 /* InfoEditCollectionViewCell.m */ = {isa = PBXFileReference; fileEncoding = 4; lastKnownFileType = sourcecode.c.objc; path = InfoEditCollectionViewCell.m; sourceTree = "<group>"; };
		F1F0F0E71CE1CE7E0064C1F3 /* InviteImageViewCell.h */ = {isa = PBXFileReference; fileEncoding = 4; lastKnownFileType = sourcecode.c.h; path = InviteImageViewCell.h; sourceTree = "<group>"; };
		F1F0F0E81CE1CE7E0064C1F3 /* InviteImageViewCell.m */ = {isa = PBXFileReference; fileEncoding = 4; lastKnownFileType = sourcecode.c.objc; path = InviteImageViewCell.m; sourceTree = "<group>"; };
		F1F0F0EA1CE1D04E0064C1F3 /* icon_success.png */ = {isa = PBXFileReference; lastKnownFileType = image.png; path = icon_success.png; sourceTree = "<group>"; };
		F1F0F0EB1CE1D04E0064C1F3 /* icon_sure.png */ = {isa = PBXFileReference; lastKnownFileType = image.png; path = icon_sure.png; sourceTree = "<group>"; };
		F1F0F0EE1CE1D06C0064C1F3 /* 0006.png */ = {isa = PBXFileReference; lastKnownFileType = image.png; path = 0006.png; sourceTree = "<group>"; };
/* End PBXFileReference section */

/* Begin PBXFrameworksBuildPhase section */
		F157E5B51CCDB8DC0087B4CD /* Frameworks */ = {
			isa = PBXFrameworksBuildPhase;
			buildActionMask = 2147483647;
			files = (
			);
			runOnlyForDeploymentPostprocessing = 0;
		};
		F157E5CE1CCDB8DC0087B4CD /* Frameworks */ = {
			isa = PBXFrameworksBuildPhase;
			buildActionMask = 2147483647;
			files = (
			);
			runOnlyForDeploymentPostprocessing = 0;
		};
		F157E5D91CCDB8DC0087B4CD /* Frameworks */ = {
			isa = PBXFrameworksBuildPhase;
			buildActionMask = 2147483647;
			files = (
			);
			runOnlyForDeploymentPostprocessing = 0;
		};
/* End PBXFrameworksBuildPhase section */

/* Begin PBXGroup section */
		F1230E891CE3228700852885 /* 健身房详情 */ = {
			isa = PBXGroup;
			children = (
				F1230E8A1CE322F100852885 /* SportRoomDesViewController.h */,
				F1230E8B1CE322F100852885 /* SportRoomDesViewController.m */,
				F1230E8C1CE322F100852885 /* SportRoomDesViewController.xib */,
				F1230E911CE47BFB00852885 /* SprotRoomTableViewCell.h */,
				F1230E921CE47BFB00852885 /* SprotRoomTableViewCell.m */,
				F1230E931CE47BFB00852885 /* SprotRoomTableViewCell.xib */,
			);
			name = "健身房详情";
			sourceTree = "<group>";
		};
		F1359E191CE2422E0028CD80 /* util */ = {
			isa = PBXGroup;
			children = (
				F1359E161CE2422B0028CD80 /* MBProgressHUD.h */,
				F1359E171CE2422B0028CD80 /* MBProgressHUD.m */,
				F1230E801CE2FDBF00852885 /* UIViewExt.h */,
				F1230E811CE2FDBF00852885 /* UIViewExt.m */,
			);
			name = util;
			sourceTree = "<group>";
		};
		F157E5AF1CCDB8DC0087B4CD = {
			isa = PBXGroup;
			children = (
				F157E5BA1CCDB8DC0087B4CD /* sportXProject */,
				F157E5D41CCDB8DC0087B4CD /* sportXProjectTests */,
				F157E5DF1CCDB8DC0087B4CD /* sportXProjectUITests */,
				F157E5B91CCDB8DC0087B4CD /* Products */,
			);
			sourceTree = "<group>";
		};
		F157E5B91CCDB8DC0087B4CD /* Products */ = {
			isa = PBXGroup;
			children = (
				F157E5B81CCDB8DC0087B4CD /* sportXProject.app */,
				F157E5D11CCDB8DC0087B4CD /* sportXProjectTests.xctest */,
				F157E5DC1CCDB8DC0087B4CD /* sportXProjectUITests.xctest */,
			);
			name = Products;
			sourceTree = "<group>";
		};
		F157E5BA1CCDB8DC0087B4CD /* sportXProject */ = {
			isa = PBXGroup;
			children = (
				F1359E191CE2422E0028CD80 /* util */,
				F157E5F11CCDBA540087B4CD /* 我 */,
				F157E5F01CCDBA4E0087B4CD /* 消息 */,
				F157E5EF1CCDBA490087B4CD /* 关注 */,
				F157E5EE1CCDBA420087B4CD /* 部落 */,
				F157E5BE1CCDB8DC0087B4CD /* AppDelegate.h */,
				F157E5BF1CCDB8DC0087B4CD /* AppDelegate.m */,
				F157E5C11CCDB8DC0087B4CD /* ViewController.h */,
				F157E5C21CCDB8DC0087B4CD /* ViewController.m */,
				F157E5C41CCDB8DC0087B4CD /* Main.storyboard */,
				F157E5C71CCDB8DC0087B4CD /* Assets.xcassets */,
				F157E5C91CCDB8DC0087B4CD /* LaunchScreen.storyboard */,
				F157E5CC1CCDB8DC0087B4CD /* Info.plist */,
				F157E5BB1CCDB8DC0087B4CD /* Supporting Files */,
			);
			path = sportXProject;
			sourceTree = "<group>";
		};
		F157E5BB1CCDB8DC0087B4CD /* Supporting Files */ = {
			isa = PBXGroup;
			children = (
				F1F0F0E11CE1C0840064C1F3 /* 首页图片 */,
				F157E60A1CCDC9E70087B4CD /* 导航条图片 */,
				F157E5BC1CCDB8DC0087B4CD /* main.m */,
			);
			name = "Supporting Files";
			sourceTree = "<group>";
		};
		F157E5D41CCDB8DC0087B4CD /* sportXProjectTests */ = {
			isa = PBXGroup;
			children = (
				F157E5D51CCDB8DC0087B4CD /* sportXProjectTests.m */,
				F157E5D71CCDB8DC0087B4CD /* Info.plist */,
			);
			path = sportXProjectTests;
			sourceTree = "<group>";
		};
		F157E5DF1CCDB8DC0087B4CD /* sportXProjectUITests */ = {
			isa = PBXGroup;
			children = (
				F157E5E01CCDB8DC0087B4CD /* sportXProjectUITests.m */,
				F157E5E21CCDB8DC0087B4CD /* Info.plist */,
			);
			path = sportXProjectUITests;
			sourceTree = "<group>";
		};
		F157E5EE1CCDBA420087B4CD /* 部落 */ = {
			isa = PBXGroup;
			children = (
				F1230E891CE3228700852885 /* 健身房详情 */,
				F157E5F21CCDBA6C0087B4CD /* SportXViewController.h */,
				F157E5F31CCDBA6C0087B4CD /* SportXViewController.m */,
				F157E5F41CCDBA6C0087B4CD /* SportXViewController.xib */,
				F1061A7C1CE22F76006B45C4 /* SprotViewTableViewCell.h */,
				F1061A7D1CE22F76006B45C4 /* SprotViewTableViewCell.m */,
				F1061A7E1CE22F76006B45C4 /* SprotViewTableViewCell.xib */,
				F1F0F0E71CE1CE7E0064C1F3 /* InviteImageViewCell.h */,
				F1F0F0E81CE1CE7E0064C1F3 /* InviteImageViewCell.m */,
				F1F0F0E41CE1CB9A0064C1F3 /* InfoEditCollectionViewCell.h */,
				F1F0F0E51CE1CB9A0064C1F3 /* InfoEditCollectionViewCell.m */,
			);
			name = "部落";
			sourceTree = "<group>";
		};
		F157E5EF1CCDBA490087B4CD /* 关注 */ = {
			isa = PBXGroup;
			children = (
				F157E5F71CCDBA7C0087B4CD /* OutSignViewController.h */,
				F157E5F81CCDBA7C0087B4CD /* OutSignViewController.m */,
				F157E5F91CCDBA7C0087B4CD /* OutSignViewController.xib */,
			);
			name = "关注";
			sourceTree = "<group>";
		};
		F157E5F01CCDBA4E0087B4CD /* 消息 */ = {
			isa = PBXGroup;
			children = (
				F157E5FC1CCDBA880087B4CD /* MessageViewController.h */,
				F157E5FD1CCDBA880087B4CD /* MessageViewController.m */,
				F157E5FE1CCDBA880087B4CD /* MessageViewController.xib */,
			);
			name = "消息";
			sourceTree = "<group>";
		};
		F157E5F11CCDBA540087B4CD /* 我 */ = {
			isa = PBXGroup;
			children = (
				F16CB8281CD08B9800FCA808 /* SportX+.pch */,
				F157E6011CCDBA940087B4CD /* MineViewController.h */,
				F157E6021CCDBA940087B4CD /* MineViewController.m */,
				F157E6031CCDBA940087B4CD /* MineViewController.xib */,
			);
			name = "我";
			sourceTree = "<group>";
		};
		F157E60A1CCDC9E70087B4CD /* 导航条图片 */ = {
			isa = PBXGroup;
			children = (
				F157E6081CCDC9DE0087B4CD /* nav_bg.png */,
			);
			name = "导航条图片";
			sourceTree = "<group>";
		};
		F1F0F0E11CE1C0840064C1F3 /* 首页图片 */ = {
			isa = PBXGroup;
			children = (
				F1230E8F1CE3242900852885 /* all_back.png */,
				F1F0F0EA1CE1D04E0064C1F3 /* icon_success.png */,
				F1230E831CE2FE5800852885 /* compass.png */,
				F1230E841CE2FE5800852885 /* feed.png */,
				F1230E851CE2FE5800852885 /* user.png */,
				F1F0F0EB1CE1D04E0064C1F3 /* icon_sure.png */,
				F157E6061CCDC43A0087B4CD /* sportgo.jpg */,
				F1F0F0EE1CE1D06C0064C1F3 /* 0006.png */,
				F1061A811CE24038006B45C4 /* card.png */,
				F1061A821CE24038006B45C4 /* gym.png */,
				F1230E7E1CE2FC1800852885 /* runmachine.png */,
				F1061A831CE24038006B45C4 /* speech.png */,
				F1061A841CE24038006B45C4 /* yoga.png */,
				F1F0F0E21CE1C0970064C1F3 /* tab_background.png */,
			);
			name = "首页图片";
			sourceTree = "<group>";
		};
/* End PBXGroup section */

/* Begin PBXNativeTarget section */
		F157E5B71CCDB8DC0087B4CD /* sportXProject */ = {
			isa = PBXNativeTarget;
			buildConfigurationList = F157E5E51CCDB8DC0087B4CD /* Build configuration list for PBXNativeTarget "sportXProject" */;
			buildPhases = (
				F157E5B41CCDB8DC0087B4CD /* Sources */,
				F157E5B51CCDB8DC0087B4CD /* Frameworks */,
				F157E5B61CCDB8DC0087B4CD /* Resources */,
			);
			buildRules = (
			);
			dependencies = (
			);
			name = sportXProject;
			productName = sportXProject;
			productReference = F157E5B81CCDB8DC0087B4CD /* sportXProject.app */;
			productType = "com.apple.product-type.application";
		};
		F157E5D01CCDB8DC0087B4CD /* sportXProjectTests */ = {
			isa = PBXNativeTarget;
			buildConfigurationList = F157E5E81CCDB8DC0087B4CD /* Build configuration list for PBXNativeTarget "sportXProjectTests" */;
			buildPhases = (
				F157E5CD1CCDB8DC0087B4CD /* Sources */,
				F157E5CE1CCDB8DC0087B4CD /* Frameworks */,
				F157E5CF1CCDB8DC0087B4CD /* Resources */,
			);
			buildRules = (
			);
			dependencies = (
				F157E5D31CCDB8DC0087B4CD /* PBXTargetDependency */,
			);
			name = sportXProjectTests;
			productName = sportXProjectTests;
			productReference = F157E5D11CCDB8DC0087B4CD /* sportXProjectTests.xctest */;
			productType = "com.apple.product-type.bundle.unit-test";
		};
		F157E5DB1CCDB8DC0087B4CD /* sportXProjectUITests */ = {
			isa = PBXNativeTarget;
			buildConfigurationList = F157E5EB1CCDB8DC0087B4CD /* Build configuration list for PBXNativeTarget "sportXProjectUITests" */;
			buildPhases = (
				F157E5D81CCDB8DC0087B4CD /* Sources */,
				F157E5D91CCDB8DC0087B4CD /* Frameworks */,
				F157E5DA1CCDB8DC0087B4CD /* Resources */,
			);
			buildRules = (
			);
			dependencies = (
				F157E5DE1CCDB8DC0087B4CD /* PBXTargetDependency */,
			);
			name = sportXProjectUITests;
			productName = sportXProjectUITests;
			productReference = F157E5DC1CCDB8DC0087B4CD /* sportXProjectUITests.xctest */;
			productType = "com.apple.product-type.bundle.ui-testing";
		};
/* End PBXNativeTarget section */

/* Begin PBXProject section */
		F157E5B01CCDB8DC0087B4CD /* Project object */ = {
			isa = PBXProject;
			attributes = {
				LastUpgradeCheck = 0720;
				ORGANIZATIONNAME = "lsp's mac pro";
				TargetAttributes = {
					F157E5B71CCDB8DC0087B4CD = {
						CreatedOnToolsVersion = 7.2;
					};
					F157E5D01CCDB8DC0087B4CD = {
						CreatedOnToolsVersion = 7.2;
						TestTargetID = F157E5B71CCDB8DC0087B4CD;
					};
					F157E5DB1CCDB8DC0087B4CD = {
						CreatedOnToolsVersion = 7.2;
						TestTargetID = F157E5B71CCDB8DC0087B4CD;
					};
				};
			};
			buildConfigurationList = F157E5B31CCDB8DC0087B4CD /* Build configuration list for PBXProject "sportXProject" */;
			compatibilityVersion = "Xcode 3.2";
			developmentRegion = English;
			hasScannedForEncodings = 0;
			knownRegions = (
				en,
				Base,
			);
			mainGroup = F157E5AF1CCDB8DC0087B4CD;
			productRefGroup = F157E5B91CCDB8DC0087B4CD /* Products */;
			projectDirPath = "";
			projectRoot = "";
			targets = (
				F157E5B71CCDB8DC0087B4CD /* sportXProject */,
				F157E5D01CCDB8DC0087B4CD /* sportXProjectTests */,
				F157E5DB1CCDB8DC0087B4CD /* sportXProjectUITests */,
			);
		};
/* End PBXProject section */

/* Begin PBXResourcesBuildPhase section */
		F157E5B61CCDB8DC0087B4CD /* Resources */ = {
			isa = PBXResourcesBuildPhase;
			buildActionMask = 2147483647;
			files = (
				F1230E901CE3242900852885 /* all_back.png in Resources */,
				F157E6071CCDC43A0087B4CD /* sportgo.jpg in Resources */,
				F1230E7F1CE2FC1800852885 /* runmachine.png in Resources */,
				F157E6091CCDC9DE0087B4CD /* nav_bg.png in Resources */,
				F157E5F61CCDBA6C0087B4CD /* SportXViewController.xib in Resources */,
				F1230E861CE2FE5800852885 /* compass.png in Resources */,
				F1F0F0ED1CE1D04E0064C1F3 /* icon_sure.png in Resources */,
				F157E6051CCDBA940087B4CD /* MineViewController.xib in Resources */,
				F157E5FB1CCDBA7C0087B4CD /* OutSignViewController.xib in Resources */,
				F1230E871CE2FE5800852885 /* feed.png in Resources */,
				F1F0F0E31CE1C0970064C1F3 /* tab_background.png in Resources */,
				F1061A861CE24038006B45C4 /* gym.png in Resources */,
				F1230E8E1CE322F100852885 /* SportRoomDesViewController.xib in Resources */,
				F157E6001CCDBA880087B4CD /* MessageViewController.xib in Resources */,
				F157E5CB1CCDB8DC0087B4CD /* LaunchScreen.storyboard in Resources */,
				F1061A801CE22F76006B45C4 /* SprotViewTableViewCell.xib in Resources */,
				F1230E881CE2FE5800852885 /* user.png in Resources */,
				F1061A881CE24038006B45C4 /* yoga.png in Resources */,
				F1F0F0EC1CE1D04E0064C1F3 /* icon_success.png in Resources */,
				F1061A851CE24038006B45C4 /* card.png in Resources */,
				F1230E951CE47BFB00852885 /* SprotRoomTableViewCell.xib in Resources */,
				F1061A871CE24038006B45C4 /* speech.png in Resources */,
				F1F0F0EF1CE1D06C0064C1F3 /* 0006.png in Resources */,
				F157E5C81CCDB8DC0087B4CD /* Assets.xcassets in Resources */,
				F157E5C61CCDB8DC0087B4CD /* Main.storyboard in Resources */,
			);
			runOnlyForDeploymentPostprocessing = 0;
		};
		F157E5CF1CCDB8DC0087B4CD /* Resources */ = {
			isa = PBXResourcesBuildPhase;
			buildActionMask = 2147483647;
			files = (
			);
			runOnlyForDeploymentPostprocessing = 0;
		};
		F157E5DA1CCDB8DC0087B4CD /* Resources */ = {
			isa = PBXResourcesBuildPhase;
			buildActionMask = 2147483647;
			files = (
			);
			runOnlyForDeploymentPostprocessing = 0;
		};
/* End PBXResourcesBuildPhase section */

/* Begin PBXSourcesBuildPhase section */
		F157E5B41CCDB8DC0087B4CD /* Sources */ = {
			isa = PBXSourcesBuildPhase;
			buildActionMask = 2147483647;
			files = (
				F1F0F0E61CE1CB9A0064C1F3 /* InfoEditCollectionViewCell.m in Sources */,
				F1061A7F1CE22F76006B45C4 /* SprotViewTableViewCell.m in Sources */,
				F157E5FF1CCDBA880087B4CD /* MessageViewController.m in Sources */,
				F1230E941CE47BFB00852885 /* SprotRoomTableViewCell.m in Sources */,
				F157E6041CCDBA940087B4CD /* MineViewController.m in Sources */,
				F1230E821CE2FDBF00852885 /* UIViewExt.m in Sources */,
				F1359E181CE2422B0028CD80 /* MBProgressHUD.m in Sources */,
				F157E5F51CCDBA6C0087B4CD /* SportXViewController.m in Sources */,
				F157E5C31CCDB8DC0087B4CD /* ViewController.m in Sources */,
				F157E5C01CCDB8DC0087B4CD /* AppDelegate.m in Sources */,
				F157E5BD1CCDB8DC0087B4CD /* main.m in Sources */,
				F157E5FA1CCDBA7C0087B4CD /* OutSignViewController.m in Sources */,
				F1230E8D1CE322F100852885 /* SportRoomDesViewController.m in Sources */,
				F1F0F0E91CE1CE7E0064C1F3 /* InviteImageViewCell.m in Sources */,
			);
			runOnlyForDeploymentPostprocessing = 0;
		};
		F157E5CD1CCDB8DC0087B4CD /* Sources */ = {
			isa = PBXSourcesBuildPhase;
			buildActionMask = 2147483647;
			files = (
				F157E5D61CCDB8DC0087B4CD /* sportXProjectTests.m in Sources */,
			);
			runOnlyForDeploymentPostprocessing = 0;
		};
		F157E5D81CCDB8DC0087B4CD /* Sources */ = {
			isa = PBXSourcesBuildPhase;
			buildActionMask = 2147483647;
			files = (
				F157E5E11CCDB8DC0087B4CD /* sportXProjectUITests.m in Sources */,
			);
			runOnlyForDeploymentPostprocessing = 0;
		};
/* End PBXSourcesBuildPhase section */

/* Begin PBXTargetDependency section */
		F157E5D31CCDB8DC0087B4CD /* PBXTargetDependency */ = {
			isa = PBXTargetDependency;
			target = F157E5B71CCDB8DC0087B4CD /* sportXProject */;
			targetProxy = F157E5D21CCDB8DC0087B4CD /* PBXContainerItemProxy */;
		};
		F157E5DE1CCDB8DC0087B4CD /* PBXTargetDependency */ = {
			isa = PBXTargetDependency;
			target = F157E5B71CCDB8DC0087B4CD /* sportXProject */;
			targetProxy = F157E5DD1CCDB8DC0087B4CD /* PBXContainerItemProxy */;
		};
/* End PBXTargetDependency section */

/* Begin PBXVariantGroup section */
		F157E5C41CCDB8DC0087B4CD /* Main.storyboard */ = {
			isa = PBXVariantGroup;
			children = (
				F157E5C51CCDB8DC0087B4CD /* Base */,
			);
			name = Main.storyboard;
			sourceTree = "<group>";
		};
		F157E5C91CCDB8DC0087B4CD /* LaunchScreen.storyboard */ = {
			isa = PBXVariantGroup;
			children = (
				F157E5CA1CCDB8DC0087B4CD /* Base */,
			);
			name = LaunchScreen.storyboard;
			sourceTree = "<group>";
		};
/* End PBXVariantGroup section */

/* Begin XCBuildConfiguration section */
		F157E5E31CCDB8DC0087B4CD /* Debug */ = {
			isa = XCBuildConfiguration;
			buildSettings = {
				ALWAYS_SEARCH_USER_PATHS = NO;
				CLANG_CXX_LANGUAGE_STANDARD = "gnu++0x";
				CLANG_CXX_LIBRARY = "libc++";
				CLANG_ENABLE_MODULES = YES;
				CLANG_ENABLE_OBJC_ARC = YES;
				CLANG_WARN_BOOL_CONVERSION = YES;
				CLANG_WARN_CONSTANT_CONVERSION = YES;
				CLANG_WARN_DIRECT_OBJC_ISA_USAGE = YES_ERROR;
				CLANG_WARN_EMPTY_BODY = YES;
				CLANG_WARN_ENUM_CONVERSION = YES;
				CLANG_WARN_INT_CONVERSION = YES;
				CLANG_WARN_OBJC_ROOT_CLASS = YES_ERROR;
				CLANG_WARN_UNREACHABLE_CODE = YES;
				CLANG_WARN__DUPLICATE_METHOD_MATCH = YES;
				"CODE_SIGN_IDENTITY[sdk=iphoneos*]" = "iPhone Developer";
				COPY_PHASE_STRIP = NO;
				DEBUG_INFORMATION_FORMAT = dwarf;
				ENABLE_STRICT_OBJC_MSGSEND = YES;
				ENABLE_TESTABILITY = YES;
				GCC_C_LANGUAGE_STANDARD = gnu99;
				GCC_DYNAMIC_NO_PIC = NO;
				GCC_NO_COMMON_BLOCKS = YES;
				GCC_OPTIMIZATION_LEVEL = 0;
				GCC_PREPROCESSOR_DEFINITIONS = (
					"DEBUG=1",
					"$(inherited)",
				);
				GCC_WARN_64_TO_32_BIT_CONVERSION = YES;
				GCC_WARN_ABOUT_RETURN_TYPE = YES_ERROR;
				GCC_WARN_UNDECLARED_SELECTOR = YES;
				GCC_WARN_UNINITIALIZED_AUTOS = YES_AGGRESSIVE;
				GCC_WARN_UNUSED_FUNCTION = YES;
				GCC_WARN_UNUSED_VARIABLE = YES;
				IPHONEOS_DEPLOYMENT_TARGET = 9.2;
				MTL_ENABLE_DEBUG_INFO = YES;
				ONLY_ACTIVE_ARCH = YES;
				SDKROOT = iphoneos;
			};
			name = Debug;
		};
		F157E5E41CCDB8DC0087B4CD /* Release */ = {
			isa = XCBuildConfiguration;
			buildSettings = {
				ALWAYS_SEARCH_USER_PATHS = NO;
				CLANG_CXX_LANGUAGE_STANDARD = "gnu++0x";
				CLANG_CXX_LIBRARY = "libc++";
				CLANG_ENABLE_MODULES = YES;
				CLANG_ENABLE_OBJC_ARC = YES;
				CLANG_WARN_BOOL_CONVERSION = YES;
				CLANG_WARN_CONSTANT_CONVERSION = YES;
				CLANG_WARN_DIRECT_OBJC_ISA_USAGE = YES_ERROR;
				CLANG_WARN_EMPTY_BODY = YES;
				CLANG_WARN_ENUM_CONVERSION = YES;
				CLANG_WARN_INT_CONVERSION = YES;
				CLANG_WARN_OBJC_ROOT_CLASS = YES_ERROR;
				CLANG_WARN_UNREACHABLE_CODE = YES;
				CLANG_WARN__DUPLICATE_METHOD_MATCH = YES;
				"CODE_SIGN_IDENTITY[sdk=iphoneos*]" = "iPhone Developer";
				COPY_PHASE_STRIP = NO;
				DEBUG_INFORMATION_FORMAT = "dwarf-with-dsym";
				ENABLE_NS_ASSERTIONS = NO;
				ENABLE_STRICT_OBJC_MSGSEND = YES;
				GCC_C_LANGUAGE_STANDARD = gnu99;
				GCC_NO_COMMON_BLOCKS = YES;
				GCC_WARN_64_TO_32_BIT_CONVERSION = YES;
				GCC_WARN_ABOUT_RETURN_TYPE = YES_ERROR;
				GCC_WARN_UNDECLARED_SELECTOR = YES;
				GCC_WARN_UNINITIALIZED_AUTOS = YES_AGGRESSIVE;
				GCC_WARN_UNUSED_FUNCTION = YES;
				GCC_WARN_UNUSED_VARIABLE = YES;
				IPHONEOS_DEPLOYMENT_TARGET = 9.2;
				MTL_ENABLE_DEBUG_INFO = NO;
				SDKROOT = iphoneos;
				VALIDATE_PRODUCT = YES;
			};
			name = Release;
		};
		F157E5E61CCDB8DC0087B4CD /* Debug */ = {
			isa = XCBuildConfiguration;
			buildSettings = {
				ASSETCATALOG_COMPILER_APPICON_NAME = AppIcon;
				GCC_PREFIX_HEADER = "/Users/lishupeng/sportX/sportXProject/SportX+.pch";
				INFOPLIST_FILE = sportXProject/Info.plist;
				IPHONEOS_DEPLOYMENT_TARGET = 7.1;
				LD_RUNPATH_SEARCH_PATHS = "$(inherited) @executable_path/Frameworks";
				PRODUCT_BUNDLE_IDENTIFIER = com.sportX.sportXProject;
				PRODUCT_NAME = "$(TARGET_NAME)";
			};
			name = Debug;
		};
		F157E5E71CCDB8DC0087B4CD /* Release */ = {
			isa = XCBuildConfiguration;
			buildSettings = {
				ASSETCATALOG_COMPILER_APPICON_NAME = AppIcon;
				GCC_PREFIX_HEADER = "/Users/lishupeng/sportX/sportXProject/SportX+.pch";
				INFOPLIST_FILE = sportXProject/Info.plist;
				IPHONEOS_DEPLOYMENT_TARGET = 7.1;
				LD_RUNPATH_SEARCH_PATHS = "$(inherited) @executable_path/Frameworks";
				PRODUCT_BUNDLE_IDENTIFIER = com.sportX.sportXProject;
				PRODUCT_NAME = "$(TARGET_NAME)";
			};
			name = Release;
		};
		F157E5E91CCDB8DC0087B4CD /* Debug */ = {
			isa = XCBuildConfiguration;
			buildSettings = {
				BUNDLE_LOADER = "$(TEST_HOST)";
				INFOPLIST_FILE = sportXProjectTests/Info.plist;
				LD_RUNPATH_SEARCH_PATHS = "$(inherited) @executable_path/Frameworks @loader_path/Frameworks";
				PRODUCT_BUNDLE_IDENTIFIER = com.sportX.sportXProjectTests;
				PRODUCT_NAME = "$(TARGET_NAME)";
				TEST_HOST = "$(BUILT_PRODUCTS_DIR)/sportXProject.app/sportXProject";
			};
			name = Debug;
		};
		F157E5EA1CCDB8DC0087B4CD /* Release */ = {
			isa = XCBuildConfiguration;
			buildSettings = {
				BUNDLE_LOADER = "$(TEST_HOST)";
				INFOPLIST_FILE = sportXProjectTests/Info.plist;
				LD_RUNPATH_SEARCH_PATHS = "$(inherited) @executable_path/Frameworks @loader_path/Frameworks";
				PRODUCT_BUNDLE_IDENTIFIER = com.sportX.sportXProjectTests;
				PRODUCT_NAME = "$(TARGET_NAME)";
				TEST_HOST = "$(BUILT_PRODUCTS_DIR)/sportXProject.app/sportXProject";
			};
			name = Release;
		};
		F157E5EC1CCDB8DC0087B4CD /* Debug */ = {
			isa = XCBuildConfiguration;
			buildSettings = {
				INFOPLIST_FILE = sportXProjectUITests/Info.plist;
				LD_RUNPATH_SEARCH_PATHS = "$(inherited) @executable_path/Frameworks @loader_path/Frameworks";
				PRODUCT_BUNDLE_IDENTIFIER = com.sportX.sportXProjectUITests;
				PRODUCT_NAME = "$(TARGET_NAME)";
				TEST_TARGET_NAME = sportXProject;
				USES_XCTRUNNER = YES;
			};
			name = Debug;
		};
		F157E5ED1CCDB8DC0087B4CD /* Release */ = {
			isa = XCBuildConfiguration;
			buildSettings = {
				INFOPLIST_FILE = sportXProjectUITests/Info.plist;
				LD_RUNPATH_SEARCH_PATHS = "$(inherited) @executable_path/Frameworks @loader_path/Frameworks";
				PRODUCT_BUNDLE_IDENTIFIER = com.sportX.sportXProjectUITests;
				PRODUCT_NAME = "$(TARGET_NAME)";
				TEST_TARGET_NAME = sportXProject;
				USES_XCTRUNNER = YES;
			};
			name = Release;
		};
/* End XCBuildConfiguration section */

/* Begin XCConfigurationList section */
		F157E5B31CCDB8DC0087B4CD /* Build configuration list for PBXProject "sportXProject" */ = {
			isa = XCConfigurationList;
			buildConfigurations = (
				F157E5E31CCDB8DC0087B4CD /* Debug */,
				F157E5E41CCDB8DC0087B4CD /* Release */,
			);
			defaultConfigurationIsVisible = 0;
			defaultConfigurationName = Release;
		};
		F157E5E51CCDB8DC0087B4CD /* Build configuration list for PBXNativeTarget "sportXProject" */ = {
			isa = XCConfigurationList;
			buildConfigurations = (
				F157E5E61CCDB8DC0087B4CD /* Debug */,
				F157E5E71CCDB8DC0087B4CD /* Release */,
			);
			defaultConfigurationIsVisible = 0;
			defaultConfigurationName = Release;
		};
		F157E5E81CCDB8DC0087B4CD /* Build configuration list for PBXNativeTarget "sportXProjectTests" */ = {
			isa = XCConfigurationList;
			buildConfigurations = (
				F157E5E91CCDB8DC0087B4CD /* Debug */,
				F157E5EA1CCDB8DC0087B4CD /* Release */,
			);
			defaultConfigurationIsVisible = 0;
			defaultConfigurationName = Release;
		};
		F157E5EB1CCDB8DC0087B4CD /* Build configuration list for PBXNativeTarget "sportXProjectUITests" */ = {
			isa = XCConfigurationList;
			buildConfigurations = (
				F157E5EC1CCDB8DC0087B4CD /* Debug */,
				F157E5ED1CCDB8DC0087B4CD /* Release */,
			);
			defaultConfigurationIsVisible = 0;
			defaultConfigurationName = Release;
		};
/* End XCConfigurationList section */
	};
	rootObject = F157E5B01CCDB8DC0087B4CD /* Project object */;
}
